Microsoft Visual Studio Solution File, Format Version 12.00
# Visual Studio Version 17
VisualStudioVersion = 17.0.31903.59
MinimumVisualStudioVersion = 10.0.40219.1
Project("{2150E333-8FDC-42A3-9474-1A3956D46DE8}") = "src", "src", "{8F5A5E92-6E4B-4B6B-9F8C-1234567890AB}"
EndProject
Project("{FAE04EC0-301F-11D3-BF4B-00C04F79EFBC}") = "ODataMcp", "src\ODataMcp\ODataMcp.csproj", "{A1B2C3D4-E5F6-7890-1234-567890ABCDEF}"
EndProject
Project("{FAE04EC0-301F-11D3-BF4B-00C04F79EFBC}") = "ODataMcp.Core", "src\ODataMcp.Core\ODataMcp.Core.csproj", "{B2C3D4E5-F607-8901-2345-678901BCDEF0}"
EndProject
Project("{FAE04EC0-301F-11D3-BF4B-00C04F79EFBC}") = "ODataMcp.Tests", "tests\ODataMcp.Tests\ODataMcp.Tests.csproj", "{C3D4E5F6-0718-9012-3456-789012CDEF01}"
EndProject
Project("{2150E333-8FDC-42A3-9474-1A3956D46DE8}") = "tests", "tests", "{9F5A5E92-6E4B-4B6B-9F8C-1234567890AC}"
EndProject
Global
	GlobalSection(SolutionConfigurationPlatforms) = preSolution
		Debug|Any CPU = Debug|Any CPU
		Release|Any CPU = Release|Any CPU
	EndGlobalSection
	GlobalSection(ProjectConfigurationPlatforms) = postSolution
		{A1B2C3D4-E5F6-7890-1234-567890ABCDEF}.Debug|Any CPU.ActiveCfg = Debug|Any CPU
		{A1B2C3D4-E5F6-7890-1234-567890ABCDEF}.Debug|Any CPU.Build.0 = Debug|Any CPU
		{A1B2C3D4-E5F6-7890-1234-567890ABCDEF}.Release|Any CPU.ActiveCfg = Release|Any CPU
		{A1B2C3D4-E5F6-7890-1234-567890ABCDEF}.Release|Any CPU.Build.0 = Release|Any CPU
		{B2C3D4E5-F607-8901-2345-678901BCDEF0}.Debug|Any CPU.ActiveCfg = Debug|Any CPU
		{B2C3D4E5-F607-8901-2345-678901BCDEF0}.Debug|Any CPU.Build.0 = Debug|Any CPU
		{B2C3D4E5-F607-8901-2345-678901BCDEF0}.Release|Any CPU.ActiveCfg = Release|Any CPU
		{B2C3D4E5-F607-8901-2345-678901BCDEF0}.Release|Any CPU.Build.0 = Release|Any CPU
		{C3D4E5F6-0718-9012-3456-789012CDEF01}.Debug|Any CPU.ActiveCfg = Debug|Any CPU
		{C3D4E5F6-0718-9012-3456-789012CDEF01}.Debug|Any CPU.Build.0 = Debug|Any CPU
		{C3D4E5F6-0718-9012-3456-789012CDEF01}.Release|Any CPU.ActiveCfg = Release|Any CPU
		{C3D4E5F6-0718-9012-3456-789012CDEF01}.Release|Any CPU.Build.0 = Release|Any CPU
	EndGlobalSection
	GlobalSection(SolutionProperties) = preSolution
		HideSolutionNode = FALSE
	EndGlobalSection
	GlobalSection(NestedProjects) = preSolution
		{A1B2C3D4-E5F6-7890-1234-567890ABCDEF} = {8F5A5E92-6E4B-4B6B-9F8C-1234567890AB}
		{B2C3D4E5-F607-8901-2345-678901BCDEF0} = {8F5A5E92-6E4B-4B6B-9F8C-1234567890AB}
		{C3D4E5F6-0718-9012-3456-789012CDEF01} = {9F5A5E92-6E4B-4B6B-9F8C-1234567890AC}
	EndGlobalSection
EndGlobal